
Microsoft Visual Studio Solution File, Format Version 12.00
# Visual Studio Version 16
VisualStudioVersion = 16.0.32106.194
MinimumVisualStudioVersion = 10.0.40219.1
Project("{8BC9CEB8-8B4A-11D0-8D11-00A0C91BC942}") = "1_make_dist_clean", "1_make_dist_clean.vcxproj", "{21DC3DBB-A904-48FB-86AF-2DCCDD6AF6C4}"
EndProject
Project("{8BC9CEB8-8B4A-11D0-8D11-00A0C91BC942}") = "CubeView", "CubeView.vcxproj", "{F15EF3B7-C255-4983-9101-7463FBF7D5AD}"
EndProject
Project("{8BC9CEB8-8B4A-11D0-8D11-00A0C91BC942}") = "adjuster", "adjuster.vcxproj", "{AB1E0A80-3E3F-4C44-A0A8-1E3DE9F0488D}"
EndProject
Project("{8BC9CEB8-8B4A-11D0-8D11-00A0C91BC942}") = "arc", "arc.vcxproj", "{F9E6746A-6033-4EAD-92A6-48554F9809A5}"
EndProject
Project("{8BC9CEB8-8B4A-11D0-8D11-00A0C91BC942}") = "ask", "ask.vcxproj", "{E90707FF-1F19-48A2-ABF2-4C3A425E3494}"
EndProject
Project("{8BC9CEB8-8B4A-11D0-8D11-00A0C91BC942}") = "bitmap", "bitmap.vcxproj", "{4E124824-C282-468A-8F8B-45C9E7BADD78}"
EndProject
Project("{8BC9CEB8-8B4A-11D0-8D11-00A0C91BC942}") = "boxtype", "boxtype.vcxproj", "{316243E0-7575-45C4-86E1-E2BE9B61B8A2}"
EndProject
Project("{8BC9CEB8-8B4A-11D0-8D11-00A0C91BC942}") = "browser", "browser.vcxproj", "{431ED469-971E-442B-A0BA-A5E50443601E}"
EndProject
Project("{8BC9CEB8-8B4A-11D0-8D11-00A0C91BC942}") = "button", "button.vcxproj", "{A6D7663C-24A9-43BC-8D9E-F43FA9E69086}"
EndProject
Project("{8BC9CEB8-8B4A-11D0-8D11-00A0C91BC942}") = "buttons", "buttons.vcxproj", "{31F788D0-06A3-41F2-87B2-AE4CD1F86027}"
EndProject
Project("{8BC9CEB8-8B4A-11D0-8D11-00A0C91BC942}") = "checkers", "checkers.vcxproj", "{451DC9EF-3F18-4ED2-B075-03F7A8A2A876}"
EndProject
Project("{8BC9CEB8-8B4A-11D0-8D11-00A0C91BC942}") = "clock", "clock.vcxproj", "{197801DC-84A6-4D75-9A8B-2A0BA3C8DEAD}"
EndProject
Project("{8BC9CEB8-8B4A-11D0-8D11-00A0C91BC942}") = "colbrowser", "colbrowser.vcxproj", "{D2F5807F-388C-4BA3-BA7A-7B8D3994ECD7}"
EndProject
Project("{8BC9CEB8-8B4A-11D0-8D11-00A0C91BC942}") = "color_chooser", "color_chooser.vcxproj", "{4A87FF1F-47EB-4BEC-B3FB-1777FB41D7B9}"
EndProject
Project("{8BC9CEB8-8B4A-11D0-8D11-00A0C91BC942}") = "cube", "cube.vcxproj", "{BE09769E-0760-4264-991F-E1CAE63C20D9}"
EndProject
Project("{8BC9CEB8-8B4A-11D0-8D11-00A0C91BC942}") = "cursor", "cursor.vcxproj", "{894C0FF2-A990-4A7A-8D82-D8DC7F3AC1CE}"
EndProject
Project("{8BC9CEB8-8B4A-11D0-8D11-00A0C91BC942}") = "curve", "curve.vcxproj", "{EB701EB4-7DF1-483A-850D-08B3F5A32665}"
EndProject
Project("{8BC9CEB8-8B4A-11D0-8D11-00A0C91BC942}") = "demo", "demo.vcxproj", "{A73C86C6-5152-4518-AC4B-DE4011035147}"
EndProject
Project("{8BC9CEB8-8B4A-11D0-8D11-00A0C91BC942}") = "dnd", "dnd.vcxproj", "{6D6696A9-912D-4FE5-A0EF-702EC8D213B2}"
EndProject
Project("{8BC9CEB8-8B4A-11D0-8D11-00A0C91BC942}") = "doublebuffer", "doublebuffer.vcxproj", "{48389E8F-666D-4892-94ED-5F9BD815B561}"
EndProject
Project("{8BC9CEB8-8B4A-11D0-8D11-00A0C91BC942}") = "editor", "editor.vcxproj", "{E9A39A5E-9251-4025-AEFF-CF663E94F01E}"
EndProject
Project("{8BC9CEB8-8B4A-11D0-8D11-00A0C91BC942}") = "fast_slow", "fast_slow.vcxproj", "{7C9AFE5E-FEFF-4503-BAAD-69661943490B}"
EndProject
Project("{8BC9CEB8-8B4A-11D0-8D11-00A0C91BC942}") = "file_chooser", "file_chooser.vcxproj", "{8EB5D581-3918-4FD7-B4C9-4949194B51F2}"
EndProject
Project("{8BC9CEB8-8B4A-11D0-8D11-00A0C91BC942}") = "fltk", "fltk.lib.vcxproj", "{456B8050-FFE8-4B26-B83D-D74F9661F20F}"
EndProject
Project("{8BC9CEB8-8B4A-11D0-8D11-00A0C91BC942}") = "fltkdll", "fltkdll.vcxproj", "{0309AB98-0CDB-4D33-B01B-AF8401335AAF}"
EndProject
Project("{8BC9CEB8-8B4A-11D0-8D11-00A0C91BC942}") = "fltkforms", "fltkforms.vcxproj", "{A4C546BE-F9C6-4480-84E5-B1BB29A54A7C}"
EndProject
Project("{8BC9CEB8-8B4A-11D0-8D11-00A0C91BC942}") = "fltkgl", "fltkgl.vcxproj", "{1695B0EE-8D82-4178-ACD2-F5A24A738C85}"
EndProject
Project("{8BC9CEB8-8B4A-11D0-8D11-00A0C91BC942}") = "fltkimages", "fltkimages.vcxproj", "{D53850F7-D12A-4339-A045-C2703023AB2F}"
EndProject
Project("{8BC9CEB8-8B4A-11D0-8D11-00A0C91BC942}") = "fluid", "fluid.vcxproj", "{A7A5E324-C26C-425D-B341-F60013561963}"
EndProject
Project("{8BC9CEB8-8B4A-11D0-8D11-00A0C91BC942}") = "fonts", "fonts.vcxproj", "{5749BB24-7DB7-4CBD-B800-CE902E41EF99}"
EndProject
Project("{8BC9CEB8-8B4A-11D0-8D11-00A0C91BC942}") = "forms", "forms.vcxproj", "{4CD0CFC9-033A-4303-8B95-CE500473A420}"
EndProject
Project("{8BC9CEB8-8B4A-11D0-8D11-00A0C91BC942}") = "fractals", "fractals.vcxproj", "{12D2B873-ADD8-4A58-9391-CEE20DD80040}"
EndProject
Project("{8BC9CEB8-8B4A-11D0-8D11-00A0C91BC942}") = "fullscreen", "fullscreen.vcxproj", "{39702CF6-9688-40A1-903F-90798ABF68A6}"
EndProject
Project("{8BC9CEB8-8B4A-11D0-8D11-00A0C91BC942}") = "gl_overlay", "gl_overlay.vcxproj", "{7D4966BF-EC5A-42FC-8359-BDB098A3680C}"
EndProject
Project("{8BC9CEB8-8B4A-11D0-8D11-00A0C91BC942}") = "glpuzzle", "glpuzzle.vcxproj", "{C1E13DE2-8364-4A2C-9E16-0B3938FC2497}"
EndProject
Project("{8BC9CEB8-8B4A-11D0-8D11-00A0C91BC942}") = "hello", "hello.vcxproj", "{A45EA0FD-C133-4B10-A2D5-83B7743E983A}"
EndProject
Project("{8BC9CEB8-8B4A-11D0-8D11-00A0C91BC942}") = "help", "help.vcxproj", "{A3DECCCE-B342-4C6E-AD70-10BF7512F4B7}"
EndProject
Project("{8BC9CEB8-8B4A-11D0-8D11-00A0C91BC942}") = "iconize", "iconize.vcxproj", "{2663F989-F457-47DD-8F63-8D3BBF07865D}"
EndProject
Project("{8BC9CEB8-8B4A-11D0-8D11-00A0C91BC942}") = "image", "image.vcxproj", "{452C4C8C-56AE-4725-89ED-5DECEC467406}"
EndProject
Project("{8BC9CEB8-8B4A-11D0-8D11-00A0C91BC942}") = "inactive", "inactive.vcxproj", "{EAD20692-6C35-4BD9-97E5-5D16AF1DDAD6}"
EndProject
Project("{8BC9CEB8-8B4A-11D0-8D11-00A0C91BC942}") = "input", "input.vcxproj", "{7EE18B5A-2556-4786-9787-A2255B9CFA8A}"
EndProject
Project("{8BC9CEB8-8B4A-11D0-8D11-00A0C91BC942}") = "keyboard", "keyboard.vcxproj", "{B0D731B6-B058-4811-B0BC-52AC43560377}"
EndProject
Project("{8BC9CEB8-8B4A-11D0-8D11-00A0C91BC942}") = "label", "label.vcxproj", "{5C49A7F4-04D8-4216-8BA0-001807008E06}"
EndProject
Project("{8BC9CEB8-8B4A-11D0-8D11-00A0C91BC942}") = "libjpegdll", "libjpgdll.vcxproj", "{52C11DE8-EA95-42B2-8BD8-4601BEA29514}"
EndProject
Project("{8BC9CEB8-8B4A-11D0-8D11-00A0C91BC942}") = "libjpg", "libjpg.vcxproj", "{256609AD-3EF4-46CB-94B4-3933EA99A1F7}"
EndProject
Project("{8BC9CEB8-8B4A-11D0-8D11-00A0C91BC942}") = "libpng", "libpng.vcxproj", "{E91E3D86-97EB-49C4-B7D9-3B2B8134606D}"
EndProject
Project("{8BC9CEB8-8B4A-11D0-8D11-00A0C91BC942}") = "libpngdll", "libpngdll.vcxproj", "{C4753375-491F-46F5-98C5-CC68DE2844D8}"
EndProject
Project("{8BC9CEB8-8B4A-11D0-8D11-00A0C91BC942}") = "line_style", "line_style.vcxproj", "{2F26A6D9-3B77-473D-A804-CAF8FC1A8850}"
EndProject
Project("{8BC9CEB8-8B4A-11D0-8D11-00A0C91BC942}") = "make_libs", "2_make_libs.vcxproj", "{0430D950-2A5B-4825-B566-B1330B63E713}"
EndProject
Project("{8BC9CEB8-8B4A-11D0-8D11-00A0C91BC942}") = "mandelbrot", "mandelbrot.vcxproj", "{F9972244-F0DC-4C43-8FAC-4045A712993A}"
EndProject
Project("{8BC9CEB8-8B4A-11D0-8D11-00A0C91BC942}") = "menubar", "menubar.vcxproj", "{2461EE0F-61A7-452B-A4C4-D3D35855D00A}"
EndProject
Project("{8BC9CEB8-8B4A-11D0-8D11-00A0C91BC942}") = "message", "message.vcxproj", "{46288C70-7C15-4333-A86C-26DF0C1BB85D}"
EndProject
Project("{8BC9CEB8-8B4A-11D0-8D11-00A0C91BC942}") = "minimum", "minimum.vcxproj", "{C01F1113-B7ED-46AD-92B8-04B05550E951}"
EndProject
Project("{8BC9CEB8-8B4A-11D0-8D11-00A0C91BC942}") = "navigation", "navigation.vcxproj", "{99B5126F-A376-4F58-926F-3253A6B1DD66}"
EndProject
Project("{8BC9CEB8-8B4A-11D0-8D11-00A0C91BC942}") = "output", "output.vcxproj", "{03C698C7-22D2-42C2-B27A-D3806CC80D07}"
EndProject
Project("{8BC9CEB8-8B4A-11D0-8D11-00A0C91BC942}") = "overlay", "overlay.vcxproj", "{8F7183AA-C821-4F82-8EE1-1B1251DBBE1C}"
EndProject
Project("{8BC9CEB8-8B4A-11D0-8D11-00A0C91BC942}") = "pack", "pack.vcxproj", "{857D9696-09C6-4541-85D2-3B6BCFF46230}"
EndProject
Project("{8BC9CEB8-8B4A-11D0-8D11-00A0C91BC942}") = "pixmap", "pixmap.vcxproj", "{A0DAA382-1E28-41FF-9044-1319F9CA9001}"
EndProject
Project("{8BC9CEB8-8B4A-11D0-8D11-00A0C91BC942}") = "pixmap_browser", "pixmap_browser.vcxproj", "{E7735434-C2F5-486E-B074-72FC1080232A}"
EndProject
Project("{8BC9CEB8-8B4A-11D0-8D11-00A0C91BC942}") = "preferences", "preferences.vcxproj", "{86762543-A249-4565-B37E-901C3C21445A}"
EndProject
Project("{8BC9CEB8-8B4A-11D0-8D11-00A0C91BC942}") = "radio", "radio.vcxproj", "{163BE479-F650-4F6C-A661-B52F258E0427}"
EndProject
Project("{8BC9CEB8-8B4A-11D0-8D11-00A0C91BC942}") = "resize", "resize.vcxproj", "{9CAA7256-F765-4484-9500-36E1633707E0}"
EndProject
Project("{8BC9CEB8-8B4A-11D0-8D11-00A0C91BC942}") = "resizebox", "resizebox.vcxproj", "{9BB5A850-C6BD-4946-B983-D979FD70EBAB}"
EndProject
Project("{8BC9CEB8-8B4A-11D0-8D11-00A0C91BC942}") = "scribble", "scribble.vcxproj", "{4D42C0E4-253A-4712-A8B5-E848D8793228}"
EndProject
Project("{8BC9CEB8-8B4A-11D0-8D11-00A0C91BC942}") = "scroll", "scroll.vcxproj", "{D6307098-295F-42EB-A310-1EBB2C62DE6B}"
EndProject
Project("{8BC9CEB8-8B4A-11D0-8D11-00A0C91BC942}") = "shape", "shape.vcxproj", "{B7666432-BA05-4878-A4E4-C2A0C0302CDF}"
EndProject
Project("{8BC9CEB8-8B4A-11D0-8D11-00A0C91BC942}") = "shiny", "shiny.vcxproj", "{15E52021-714B-4ABC-90C4-A15083E5BAB9}"
EndProject
Project("{8BC9CEB8-8B4A-11D0-8D11-00A0C91BC942}") = "subwindow", "subwindow.vcxproj", "{CAB297D5-6638-4A8E-A1CA-B45F30CECE75}"
EndProject
Project("{8BC9CEB8-8B4A-11D0-8D11-00A0C91BC942}") = "symbols", "symbols.vcxproj", "{83C553C0-A845-45F3-8EB9-85CA5599356F}"
EndProject
Project("{8BC9CEB8-8B4A-11D0-8D11-00A0C91BC942}") = "table", "table.vcxproj", "{CD908673-B633-42BA-BDC7-BC4F0DA1B83E}"
EndProject
Project("{8BC9CEB8-8B4A-11D0-8D11-00A0C91BC942}") = "tablerow", "tablerow.vcxproj", "{7E183E19-205C-44C5-8B60-3BDB448ECB1E}"
EndProject
Project("{8BC9CEB8-8B4A-11D0-8D11-00A0C91BC942}") = "tabs", "tabs.vcxproj", "{C8BD27FB-4C77-433D-AC57-2D4B0F701F20}"
EndProject
Project("{8BC9CEB8-8B4A-11D0-8D11-00A0C91BC942}") = "threads", "threads.vcxproj", "{41B8EF14-D079-4E6D-8A6F-4F78BA05F437}"
EndProject
Project("{8BC9CEB8-8B4A-11D0-8D11-00A0C91BC942}") = "tile", "tile.vcxproj", "{2982C860-DE4A-4B90-827B-2AD0C2F559BF}"
EndProject
Project("{8BC9CEB8-8B4A-11D0-8D11-00A0C91BC942}") = "tiled_image", "tiled_image.vcxproj", "{C6F4BBF3-A3D6-4F13-AEEA-AB9860959DA4}"
EndProject
Project("{8BC9CEB8-8B4A-11D0-8D11-00A0C91BC942}") = "tree", "tree.vcxproj", "{F58EF1BA-E469-4ED6-B9B7-2BE1E819A153}"
EndProject
Project("{8BC9CEB8-8B4A-11D0-8D11-00A0C91BC942}") = "utf8", "utf8.vcxproj", "{0C13E475-D4EC-40D0-BCA8-36D2DD3A7BF5}"
EndProject
Project("{8BC9CEB8-8B4A-11D0-8D11-00A0C91BC942}") = "valuators", "valuators.vcxproj", "{BC6F8C65-E7E2-4C8E-B4C6-EF6211EF1CCD}"
EndProject
Project("{8BC9CEB8-8B4A-11D0-8D11-00A0C91BC942}") = "zlib", "zlib.vcxproj", "{600C0905-8D86-43C5-8DD5-385E9B13616D}"
EndProject
Project("{8BC9CEB8-8B4A-11D0-8D11-00A0C91BC942}") = "zlibdll", "zlibdll.vcxproj", "{0260BD19-1520-4187-8DA3-F7B0F2D0712F}"
EndProject
Global
	GlobalSection(SolutionConfigurationPlatforms) = preSolution
		Debug|x86 = Debug|x86
		Release|x86 = Release|x86
		Template|x86 = Template|x86
	EndGlobalSection
	GlobalSection(ProjectConfigurationPlatforms) = postSolution
		{21DC3DBB-A904-48FB-86AF-2DCCDD6AF6C4}.Debug|x86.ActiveCfg = Debug|Win32
		{21DC3DBB-A904-48FB-86AF-2DCCDD6AF6C4}.Debug|x86.Build.0 = Debug|Win32
		{21DC3DBB-A904-48FB-86AF-2DCCDD6AF6C4}.Release|x86.ActiveCfg = Release|Win32
		{21DC3DBB-A904-48FB-86AF-2DCCDD6AF6C4}.Release|x86.Build.0 = Release|Win32
		{21DC3DBB-A904-48FB-86AF-2DCCDD6AF6C4}.Template|x86.ActiveCfg = Debug|Win32
		{21DC3DBB-A904-48FB-86AF-2DCCDD6AF6C4}.Template|x86.Build.0 = Debug|Win32
		{F15EF3B7-C255-4983-9101-7463FBF7D5AD}.Debug|x86.ActiveCfg = Debug|Win32
		{F15EF3B7-C255-4983-9101-7463FBF7D5AD}.Debug|x86.Build.0 = Debug|Win32
		{F15EF3B7-C255-4983-9101-7463FBF7D5AD}.Release|x86.ActiveCfg = Release|Win32
		{F15EF3B7-C255-4983-9101-7463FBF7D5AD}.Release|x86.Build.0 = Release|Win32
		{F15EF3B7-C255-4983-9101-7463FBF7D5AD}.Template|x86.ActiveCfg = Template|Win32
		{F15EF3B7-C255-4983-9101-7463FBF7D5AD}.Template|x86.Build.0 = Template|Win32
		{AB1E0A80-3E3F-4C44-A0A8-1E3DE9F0488D}.Debug|x86.ActiveCfg = Debug|Win32
		{AB1E0A80-3E3F-4C44-A0A8-1E3DE9F0488D}.Debug|x86.Build.0 = Debug|Win32
		{AB1E0A80-3E3F-4C44-A0A8-1E3DE9F0488D}.Release|x86.ActiveCfg = Release|Win32
		{AB1E0A80-3E3F-4C44-A0A8-1E3DE9F0488D}.Release|x86.Build.0 = Release|Win32
		{AB1E0A80-3E3F-4C44-A0A8-1E3DE9F0488D}.Template|x86.ActiveCfg = Template|Win32
		{AB1E0A80-3E3F-4C44-A0A8-1E3DE9F0488D}.Template|x86.Build.0 = Template|Win32
		{F9E6746A-6033-4EAD-92A6-48554F9809A5}.Debug|x86.ActiveCfg = Debug|Win32
		{F9E6746A-6033-4EAD-92A6-48554F9809A5}.Debug|x86.Build.0 = Debug|Win32
		{F9E6746A-6033-4EAD-92A6-48554F9809A5}.Release|x86.ActiveCfg = Release|Win32
		{F9E6746A-6033-4EAD-92A6-48554F9809A5}.Release|x86.Build.0 = Release|Win32
		{F9E6746A-6033-4EAD-92A6-48554F9809A5}.Template|x86.ActiveCfg = Template|Win32
		{F9E6746A-6033-4EAD-92A6-48554F9809A5}.Template|x86.Build.0 = Template|Win32
		{E90707FF-1F19-48A2-ABF2-4C3A425E3494}.Debug|x86.ActiveCfg = Debug|Win32
		{E90707FF-1F19-48A2-ABF2-4C3A425E3494}.Debug|x86.Build.0 = Debug|Win32
		{E90707FF-1F19-48A2-ABF2-4C3A425E3494}.Release|x86.ActiveCfg = Release|Win32
		{E90707FF-1F19-48A2-ABF2-4C3A425E3494}.Release|x86.Build.0 = Release|Win32
		{E90707FF-1F19-48A2-ABF2-4C3A425E3494}.Template|x86.ActiveCfg = Template|Win32
		{E90707FF-1F19-48A2-ABF2-4C3A425E3494}.Template|x86.Build.0 = Template|Win32
		{4E124824-C282-468A-8F8B-45C9E7BADD78}.Debug|x86.ActiveCfg = Debug|Win32
		{4E124824-C282-468A-8F8B-45C9E7BADD78}.Debug|x86.Build.0 = Debug|Win32
		{4E124824-C282-468A-8F8B-45C9E7BADD78}.Release|x86.ActiveCfg = Release|Win32
		{4E124824-C282-468A-8F8B-45C9E7BADD78}.Release|x86.Build.0 = Release|Win32
		{4E124824-C282-468A-8F8B-45C9E7BADD78}.Template|x86.ActiveCfg = Template|Win32
		{4E124824-C282-468A-8F8B-45C9E7BADD78}.Template|x86.Build.0 = Template|Win32
		{316243E0-7575-45C4-86E1-E2BE9B61B8A2}.Debug|x86.ActiveCfg = Debug|Win32
		{316243E0-7575-45C4-86E1-E2BE9B61B8A2}.Debug|x86.Build.0 = Debug|Win32
		{316243E0-7575-45C4-86E1-E2BE9B61B8A2}.Release|x86.ActiveCfg = Release|Win32
		{316243E0-7575-45C4-86E1-E2BE9B61B8A2}.Release|x86.Build.0 = Release|Win32
		{316243E0-7575-45C4-86E1-E2BE9B61B8A2}.Template|x86.ActiveCfg = Template|Win32
		{316243E0-7575-45C4-86E1-E2BE9B61B8A2}.Template|x86.Build.0 = Template|Win32
		{431ED469-971E-442B-A0BA-A5E50443601E}.Debug|x86.ActiveCfg = Debug|Win32
		{431ED469-971E-442B-A0BA-A5E50443601E}.Debug|x86.Build.0 = Debug|Win32
		{431ED469-971E-442B-A0BA-A5E50443601E}.Release|x86.ActiveCfg = Release|Win32
		{431ED469-971E-442B-A0BA-A5E50443601E}.Release|x86.Build.0 = Release|Win32
		{431ED469-971E-442B-A0BA-A5E50443601E}.Template|x86.ActiveCfg = Template|Win32
		{431ED469-971E-442B-A0BA-A5E50443601E}.Template|x86.Build.0 = Template|Win32
		{A6D7663C-24A9-43BC-8D9E-F43FA9E69086}.Debug|x86.ActiveCfg = Debug|Win32
		{A6D7663C-24A9-43BC-8D9E-F43FA9E69086}.Debug|x86.Build.0 = Debug|Win32
		{A6D7663C-24A9-43BC-8D9E-F43FA9E69086}.Release|x86.ActiveCfg = Release|Win32
		{A6D7663C-24A9-43BC-8D9E-F43FA9E69086}.Release|x86.Build.0 = Release|Win32
		{A6D7663C-24A9-43BC-8D9E-F43FA9E69086}.Template|x86.ActiveCfg = Template|Win32
		{A6D7663C-24A9-43BC-8D9E-F43FA9E69086}.Template|x86.Build.0 = Template|Win32
		{31F788D0-06A3-41F2-87B2-AE4CD1F86027}.Debug|x86.ActiveCfg = Debug|Win32
		{31F788D0-06A3-41F2-87B2-AE4CD1F86027}.Debug|x86.Build.0 = Debug|Win32
		{31F788D0-06A3-41F2-87B2-AE4CD1F86027}.Release|x86.ActiveCfg = Release|Win32
		{31F788D0-06A3-41F2-87B2-AE4CD1F86027}.Release|x86.Build.0 = Release|Win32
		{31F788D0-06A3-41F2-87B2-AE4CD1F86027}.Template|x86.ActiveCfg = Template|Win32
		{31F788D0-06A3-41F2-87B2-AE4CD1F86027}.Template|x86.Build.0 = Template|Win32
		{451DC9EF-3F18-4ED2-B075-03F7A8A2A876}.Debug|x86.ActiveCfg = Debug|Win32
		{451DC9EF-3F18-4ED2-B075-03F7A8A2A876}.Debug|x86.Build.0 = Debug|Win32
		{451DC9EF-3F18-4ED2-B075-03F7A8A2A876}.Release|x86.ActiveCfg = Release|Win32
		{451DC9EF-3F18-4ED2-B075-03F7A8A2A876}.Release|x86.Build.0 = Release|Win32
		{451DC9EF-3F18-4ED2-B075-03F7A8A2A876}.Template|x86.ActiveCfg = Template|Win32
		{451DC9EF-3F18-4ED2-B075-03F7A8A2A876}.Template|x86.Build.0 = Template|Win32
		{197801DC-84A6-4D75-9A8B-2A0BA3C8DEAD}.Debug|x86.ActiveCfg = Debug|Win32
		{197801DC-84A6-4D75-9A8B-2A0BA3C8DEAD}.Debug|x86.Build.0 = Debug|Win32
		{197801DC-84A6-4D75-9A8B-2A0BA3C8DEAD}.Release|x86.ActiveCfg = Release|Win32
		{197801DC-84A6-4D75-9A8B-2A0BA3C8DEAD}.Release|x86.Build.0 = Release|Win32
		{197801DC-84A6-4D75-9A8B-2A0BA3C8DEAD}.Template|x86.ActiveCfg = Template|Win32
		{197801DC-84A6-4D75-9A8B-2A0BA3C8DEAD}.Template|x86.Build.0 = Template|Win32
		{D2F5807F-388C-4BA3-BA7A-7B8D3994ECD7}.Debug|x86.ActiveCfg = Debug|Win32
		{D2F5807F-388C-4BA3-BA7A-7B8D3994ECD7}.Debug|x86.Build.0 = Debug|Win32
		{D2F5807F-388C-4BA3-BA7A-7B8D3994ECD7}.Release|x86.ActiveCfg = Release|Win32
		{D2F5807F-388C-4BA3-BA7A-7B8D3994ECD7}.Release|x86.Build.0 = Release|Win32
		{D2F5807F-388C-4BA3-BA7A-7B8D3994ECD7}.Template|x86.ActiveCfg = Template|Win32
		{D2F5807F-388C-4BA3-BA7A-7B8D3994ECD7}.Template|x86.Build.0 = Template|Win32
		{4A87FF1F-47EB-4BEC-B3FB-1777FB41D7B9}.Debug|x86.ActiveCfg = Debug|Win32
		{4A87FF1F-47EB-4BEC-B3FB-1777FB41D7B9}.Debug|x86.Build.0 = Debug|Win32
		{4A87FF1F-47EB-4BEC-B3FB-1777FB41D7B9}.Release|x86.ActiveCfg = Release|Win32
		{4A87FF1F-47EB-4BEC-B3FB-1777FB41D7B9}.Release|x86.Build.0 = Release|Win32
		{4A87FF1F-47EB-4BEC-B3FB-1777FB41D7B9}.Template|x86.ActiveCfg = Template|Win32
		{4A87FF1F-47EB-4BEC-B3FB-1777FB41D7B9}.Template|x86.Build.0 = Template|Win32
		{BE09769E-0760-4264-991F-E1CAE63C20D9}.Debug|x86.ActiveCfg = Debug|Win32
		{BE09769E-0760-4264-991F-E1CAE63C20D9}.Debug|x86.Build.0 = Debug|Win32
		{BE09769E-0760-4264-991F-E1CAE63C20D9}.Release|x86.ActiveCfg = Release|Win32
		{BE09769E-0760-4264-991F-E1CAE63C20D9}.Release|x86.Build.0 = Release|Win32
		{BE09769E-0760-4264-991F-E1CAE63C20D9}.Template|x86.ActiveCfg = Template|Win32
		{BE09769E-0760-4264-991F-E1CAE63C20D9}.Template|x86.Build.0 = Template|Win32
		{894C0FF2-A990-4A7A-8D82-D8DC7F3AC1CE}.Debug|x86.ActiveCfg = Debug|Win32
		{894C0FF2-A990-4A7A-8D82-D8DC7F3AC1CE}.Debug|x86.Build.0 = Debug|Win32
		{894C0FF2-A990-4A7A-8D82-D8DC7F3AC1CE}.Release|x86.ActiveCfg = Release|Win32
		{894C0FF2-A990-4A7A-8D82-D8DC7F3AC1CE}.Release|x86.Build.0 = Release|Win32
		{894C0FF2-A990-4A7A-8D82-D8DC7F3AC1CE}.Template|x86.ActiveCfg = Template|Win32
		{894C0FF2-A990-4A7A-8D82-D8DC7F3AC1CE}.Template|x86.Build.0 = Template|Win32
		{EB701EB4-7DF1-483A-850D-08B3F5A32665}.Debug|x86.ActiveCfg = Debug|Win32
		{EB701EB4-7DF1-483A-850D-08B3F5A32665}.Debug|x86.Build.0 = Debug|Win32
		{EB701EB4-7DF1-483A-850D-08B3F5A32665}.Release|x86.ActiveCfg = Release|Win32
		{EB701EB4-7DF1-483A-850D-08B3F5A32665}.Release|x86.Build.0 = Release|Win32
		{EB701EB4-7DF1-483A-850D-08B3F5A32665}.Template|x86.ActiveCfg = Template|Win32
		{EB701EB4-7DF1-483A-850D-08B3F5A32665}.Template|x86.Build.0 = Template|Win32
		{A73C86C6-5152-4518-AC4B-DE4011035147}.Debug|x86.ActiveCfg = Debug|Win32
		{A73C86C6-5152-4518-AC4B-DE4011035147}.Debug|x86.Build.0 = Debug|Win32
		{A73C86C6-5152-4518-AC4B-DE4011035147}.Release|x86.ActiveCfg = Release|Win32
		{A73C86C6-5152-4518-AC4B-DE4011035147}.Release|x86.Build.0 = Release|Win32
		{A73C86C6-5152-4518-AC4B-DE4011035147}.Template|x86.ActiveCfg = Template|Win32
		{A73C86C6-5152-4518-AC4B-DE4011035147}.Template|x86.Build.0 = Template|Win32
		{6D6696A9-912D-4FE5-A0EF-702EC8D213B2}.Debug|x86.ActiveCfg = Debug|Win32
		{6D6696A9-912D-4FE5-A0EF-702EC8D213B2}.Debug|x86.Build.0 = Debug|Win32
		{6D6696A9-912D-4FE5-A0EF-702EC8D213B2}.Release|x86.ActiveCfg = Release|Win32
		{6D6696A9-912D-4FE5-A0EF-702EC8D213B2}.Release|x86.Build.0 = Release|Win32
		{6D6696A9-912D-4FE5-A0EF-702EC8D213B2}.Template|x86.ActiveCfg = Template|Win32
		{6D6696A9-912D-4FE5-A0EF-702EC8D213B2}.Template|x86.Build.0 = Template|Win32
		{48389E8F-666D-4892-94ED-5F9BD815B561}.Debug|x86.ActiveCfg = Debug|Win32
		{48389E8F-666D-4892-94ED-5F9BD815B561}.Debug|x86.Build.0 = Debug|Win32
		{48389E8F-666D-4892-94ED-5F9BD815B561}.Release|x86.ActiveCfg = Release|Win32
		{48389E8F-666D-4892-94ED-5F9BD815B561}.Release|x86.Build.0 = Release|Win32
		{48389E8F-666D-4892-94ED-5F9BD815B561}.Template|x86.ActiveCfg = Template|Win32
		{48389E8F-666D-4892-94ED-5F9BD815B561}.Template|x86.Build.0 = Template|Win32
		{E9A39A5E-9251-4025-AEFF-CF663E94F01E}.Debug|x86.ActiveCfg = Debug|Win32
		{E9A39A5E-9251-4025-AEFF-CF663E94F01E}.Debug|x86.Build.0 = Debug|Win32
		{E9A39A5E-9251-4025-AEFF-CF663E94F01E}.Release|x86.ActiveCfg = Release|Win32
		{E9A39A5E-9251-4025-AEFF-CF663E94F01E}.Release|x86.Build.0 = Release|Win32
		{E9A39A5E-9251-4025-AEFF-CF663E94F01E}.Template|x86.ActiveCfg = Template|Win32
		{E9A39A5E-9251-4025-AEFF-CF663E94F01E}.Template|x86.Build.0 = Template|Win32
		{7C9AFE5E-FEFF-4503-BAAD-69661943490B}.Debug|x86.ActiveCfg = Debug|Win32
		{7C9AFE5E-FEFF-4503-BAAD-69661943490B}.Debug|x86.Build.0 = Debug|Win32
		{7C9AFE5E-FEFF-4503-BAAD-69661943490B}.Release|x86.ActiveCfg = Release|Win32
		{7C9AFE5E-FEFF-4503-BAAD-69661943490B}.Release|x86.Build.0 = Release|Win32
		{7C9AFE5E-FEFF-4503-BAAD-69661943490B}.Template|x86.ActiveCfg = Template|Win32
		{7C9AFE5E-FEFF-4503-BAAD-69661943490B}.Template|x86.Build.0 = Template|Win32
		{8EB5D581-3918-4FD7-B4C9-4949194B51F2}.Debug|x86.ActiveCfg = Debug|Win32
		{8EB5D581-3918-4FD7-B4C9-4949194B51F2}.Debug|x86.Build.0 = Debug|Win32
		{8EB5D581-3918-4FD7-B4C9-4949194B51F2}.Release|x86.ActiveCfg = Release|Win32
		{8EB5D581-3918-4FD7-B4C9-4949194B51F2}.Release|x86.Build.0 = Release|Win32
		{8EB5D581-3918-4FD7-B4C9-4949194B51F2}.Template|x86.ActiveCfg = Template|Win32
		{8EB5D581-3918-4FD7-B4C9-4949194B51F2}.Template|x86.Build.0 = Template|Win32
		{456B8050-FFE8-4B26-B83D-D74F9661F20F}.Debug|x86.ActiveCfg = Debug|Win32
		{456B8050-FFE8-4B26-B83D-D74F9661F20F}.Debug|x86.Build.0 = Debug|Win32
		{456B8050-FFE8-4B26-B83D-D74F9661F20F}.Release|x86.ActiveCfg = Release|Win32
		{456B8050-FFE8-4B26-B83D-D74F9661F20F}.Release|x86.Build.0 = Release|Win32
		{456B8050-FFE8-4B26-B83D-D74F9661F20F}.Template|x86.ActiveCfg = Template|Win32
		{456B8050-FFE8-4B26-B83D-D74F9661F20F}.Template|x86.Build.0 = Template|Win32
		{0309AB98-0CDB-4D33-B01B-AF8401335AAF}.Debug|x86.ActiveCfg = Debug|Win32
		{0309AB98-0CDB-4D33-B01B-AF8401335AAF}.Debug|x86.Build.0 = Debug|Win32
		{0309AB98-0CDB-4D33-B01B-AF8401335AAF}.Release|x86.ActiveCfg = Release|Win32
		{0309AB98-0CDB-4D33-B01B-AF8401335AAF}.Release|x86.Build.0 = Release|Win32
		{0309AB98-0CDB-4D33-B01B-AF8401335AAF}.Template|x86.ActiveCfg = Template|Win32
		{0309AB98-0CDB-4D33-B01B-AF8401335AAF}.Template|x86.Build.0 = Template|Win32
		{A4C546BE-F9C6-4480-84E5-B1BB29A54A7C}.Debug|x86.ActiveCfg = Debug|Win32
		{A4C546BE-F9C6-4480-84E5-B1BB29A54A7C}.Debug|x86.Build.0 = Debug|Win32
		{A4C546BE-F9C6-4480-84E5-B1BB29A54A7C}.Release|x86.ActiveCfg = Release|Win32
		{A4C546BE-F9C6-4480-84E5-B1BB29A54A7C}.Release|x86.Build.0 = Release|Win32
		{A4C546BE-F9C6-4480-84E5-B1BB29A54A7C}.Template|x86.ActiveCfg = Template|Win32
		{A4C546BE-F9C6-4480-84E5-B1BB29A54A7C}.Template|x86.Build.0 = Template|Win32
		{1695B0EE-8D82-4178-ACD2-F5A24A738C85}.Debug|x86.ActiveCfg = Debug|Win32
		{1695B0EE-8D82-4178-ACD2-F5A24A738C85}.Debug|x86.Build.0 = Debug|Win32
		{1695B0EE-8D82-4178-ACD2-F5A24A738C85}.Release|x86.ActiveCfg = Release|Win32
		{1695B0EE-8D82-4178-ACD2-F5A24A738C85}.Release|x86.Build.0 = Release|Win32
		{1695B0EE-8D82-4178-ACD2-F5A24A738C85}.Template|x86.ActiveCfg = Template|Win32
		{1695B0EE-8D82-4178-ACD2-F5A24A738C85}.Template|x86.Build.0 = Template|Win32
		{D53850F7-D12A-4339-A045-C2703023AB2F}.Debug|x86.ActiveCfg = Debug|Win32
		{D53850F7-D12A-4339-A045-C2703023AB2F}.Debug|x86.Build.0 = Debug|Win32
		{D53850F7-D12A-4339-A045-C2703023AB2F}.Release|x86.ActiveCfg = Release|Win32
		{D53850F7-D12A-4339-A045-C2703023AB2F}.Release|x86.Build.0 = Release|Win32
		{D53850F7-D12A-4339-A045-C2703023AB2F}.Template|x86.ActiveCfg = Template|Win32
		{D53850F7-D12A-4339-A045-C2703023AB2F}.Template|x86.Build.0 = Template|Win32
		{A7A5E324-C26C-425D-B341-F60013561963}.Debug|x86.ActiveCfg = Debug|Win32
		{A7A5E324-C26C-425D-B341-F60013561963}.Debug|x86.Build.0 = Debug|Win32
		{A7A5E324-C26C-425D-B341-F60013561963}.Release|x86.ActiveCfg = Release|Win32
		{A7A5E324-C26C-425D-B341-F60013561963}.Release|x86.Build.0 = Release|Win32
		{A7A5E324-C26C-425D-B341-F60013561963}.Template|x86.ActiveCfg = Template|Win32
		{A7A5E324-C26C-425D-B341-F60013561963}.Template|x86.Build.0 = Template|Win32
		{5749BB24-7DB7-4CBD-B800-CE902E41EF99}.Debug|x86.ActiveCfg = Debug|Win32
		{5749BB24-7DB7-4CBD-B800-CE902E41EF99}.Debug|x86.Build.0 = Debug|Win32
		{5749BB24-7DB7-4CBD-B800-CE902E41EF99}.Release|x86.ActiveCfg = Release|Win32
		{5749BB24-7DB7-4CBD-B800-CE902E41EF99}.Release|x86.Build.0 = Release|Win32
		{5749BB24-7DB7-4CBD-B800-CE902E41EF99}.Template|x86.ActiveCfg = Template|Win32
		{5749BB24-7DB7-4CBD-B800-CE902E41EF99}.Template|x86.Build.0 = Template|Win32
		{4CD0CFC9-033A-4303-8B95-CE500473A420}.Debug|x86.ActiveCfg = Debug|Win32
		{4CD0CFC9-033A-4303-8B95-CE500473A420}.Debug|x86.Build.0 = Debug|Win32
		{4CD0CFC9-033A-4303-8B95-CE500473A420}.Release|x86.ActiveCfg = Release|Win32
		{4CD0CFC9-033A-4303-8B95-CE500473A420}.Release|x86.Build.0 = Release|Win32
		{4CD0CFC9-033A-4303-8B95-CE500473A420}.Template|x86.ActiveCfg = Template|Win32
		{4CD0CFC9-033A-4303-8B95-CE500473A420}.Template|x86.Build.0 = Template|Win32
		{12D2B873-ADD8-4A58-9391-CEE20DD80040}.Debug|x86.ActiveCfg = Debug|Win32
		{12D2B873-ADD8-4A58-9391-CEE20DD80040}.Debug|x86.Build.0 = Debug|Win32
		{12D2B873-ADD8-4A58-9391-CEE20DD80040}.Release|x86.ActiveCfg = Release|Win32
		{12D2B873-ADD8-4A58-9391-CEE20DD80040}.Release|x86.Build.0 = Release|Win32
		{12D2B873-ADD8-4A58-9391-CEE20DD80040}.Template|x86.ActiveCfg = Template|Win32
		{12D2B873-ADD8-4A58-9391-CEE20DD80040}.Template|x86.Build.0 = Template|Win32
		{39702CF6-9688-40A1-903F-90798ABF68A6}.Debug|x86.ActiveCfg = Debug|Win32
		{39702CF6-9688-40A1-903F-90798ABF68A6}.Debug|x86.Build.0 = Debug|Win32
		{39702CF6-9688-40A1-903F-90798ABF68A6}.Release|x86.ActiveCfg = Release|Win32
		{39702CF6-9688-40A1-903F-90798ABF68A6}.Release|x86.Build.0 = Release|Win32
		{39702CF6-9688-40A1-903F-90798ABF68A6}.Template|x86.ActiveCfg = Template|Win32
		{39702CF6-9688-40A1-903F-90798ABF68A6}.Template|x86.Build.0 = Template|Win32
		{7D4966BF-EC5A-42FC-8359-BDB098A3680C}.Debug|x86.ActiveCfg = Debug|Win32
		{7D4966BF-EC5A-42FC-8359-BDB098A3680C}.Debug|x86.Build.0 = Debug|Win32
		{7D4966BF-EC5A-42FC-8359-BDB098A3680C}.Release|x86.ActiveCfg = Release|Win32
		{7D4966BF-EC5A-42FC-8359-BDB098A3680C}.Release|x86.Build.0 = Release|Win32
		{7D4966BF-EC5A-42FC-8359-BDB098A3680C}.Template|x86.ActiveCfg = Template|Win32
		{7D4966BF-EC5A-42FC-8359-BDB098A3680C}.Template|x86.Build.0 = Template|Win32
		{C1E13DE2-8364-4A2C-9E16-0B3938FC2497}.Debug|x86.ActiveCfg = Debug|Win32
		{C1E13DE2-8364-4A2C-9E16-0B3938FC2497}.Debug|x86.Build.0 = Debug|Win32
		{C1E13DE2-8364-4A2C-9E16-0B3938FC2497}.Release|x86.ActiveCfg = Release|Win32
		{C1E13DE2-8364-4A2C-9E16-0B3938FC2497}.Release|x86.Build.0 = Release|Win32
		{C1E13DE2-8364-4A2C-9E16-0B3938FC2497}.Template|x86.ActiveCfg = Template|Win32
		{C1E13DE2-8364-4A2C-9E16-0B3938FC2497}.Template|x86.Build.0 = Template|Win32
		{A45EA0FD-C133-4B10-A2D5-83B7743E983A}.Debug|x86.ActiveCfg = Debug|Win32
		{A45EA0FD-C133-4B10-A2D5-83B7743E983A}.Debug|x86.Build.0 = Debug|Win32
		{A45EA0FD-C133-4B10-A2D5-83B7743E983A}.Release|x86.ActiveCfg = Release|Win32
		{A45EA0FD-C133-4B10-A2D5-83B7743E983A}.Release|x86.Build.0 = Release|Win32
		{A45EA0FD-C133-4B10-A2D5-83B7743E983A}.Template|x86.ActiveCfg = Template|Win32
		{A45EA0FD-C133-4B10-A2D5-83B7743E983A}.Template|x86.Build.0 = Template|Win32
		{A3DECCCE-B342-4C6E-AD70-10BF7512F4B7}.Debug|x86.ActiveCfg = Debug|Win32
		{A3DECCCE-B342-4C6E-AD70-10BF7512F4B7}.Debug|x86.Build.0 = Debug|Win32
		{A3DECCCE-B342-4C6E-AD70-10BF7512F4B7}.Release|x86.ActiveCfg = Release|Win32
		{A3DECCCE-B342-4C6E-AD70-10BF7512F4B7}.Release|x86.Build.0 = Release|Win32
		{A3DECCCE-B342-4C6E-AD70-10BF7512F4B7}.Template|x86.ActiveCfg = Template|Win32
		{A3DECCCE-B342-4C6E-AD70-10BF7512F4B7}.Template|x86.Build.0 = Template|Win32
		{2663F989-F457-47DD-8F63-8D3BBF07865D}.Debug|x86.ActiveCfg = Debug|Win32
		{2663F989-F457-47DD-8F63-8D3BBF07865D}.Debug|x86.Build.0 = Debug|Win32
		{2663F989-F457-47DD-8F63-8D3BBF07865D}.Release|x86.ActiveCfg = Release|Win32
		{2663F989-F457-47DD-8F63-8D3BBF07865D}.Release|x86.Build.0 = Release|Win32
		{2663F989-F457-47DD-8F63-8D3BBF07865D}.Template|x86.ActiveCfg = Template|Win32
		{2663F989-F457-47DD-8F63-8D3BBF07865D}.Template|x86.Build.0 = Template|Win32
		{452C4C8C-56AE-4725-89ED-5DECEC467406}.Debug|x86.ActiveCfg = Debug|Win32
		{452C4C8C-56AE-4725-89ED-5DECEC467406}.Debug|x86.Build.0 = Debug|Win32
		{452C4C8C-56AE-4725-89ED-5DECEC467406}.Release|x86.ActiveCfg = Release|Win32
		{452C4C8C-56AE-4725-89ED-5DECEC467406}.Release|x86.Build.0 = Release|Win32
		{452C4C8C-56AE-4725-89ED-5DECEC467406}.Template|x86.ActiveCfg = Template|Win32
		{452C4C8C-56AE-4725-89ED-5DECEC467406}.Template|x86.Build.0 = Template|Win32
		{EAD20692-6C35-4BD9-97E5-5D16AF1DDAD6}.Debug|x86.ActiveCfg = Debug|Win32
		{EAD20692-6C35-4BD9-97E5-5D16AF1DDAD6}.Debug|x86.Build.0 = Debug|Win32
		{EAD20692-6C35-4BD9-97E5-5D16AF1DDAD6}.Release|x86.ActiveCfg = Release|Win32
		{EAD20692-6C35-4BD9-97E5-5D16AF1DDAD6}.Release|x86.Build.0 = Release|Win32
		{EAD20692-6C35-4BD9-97E5-5D16AF1DDAD6}.Template|x86.ActiveCfg = Template|Win32
		{EAD20692-6C35-4BD9-97E5-5D16AF1DDAD6}.Template|x86.Build.0 = Template|Win32
		{7EE18B5A-2556-4786-9787-A2255B9CFA8A}.Debug|x86.ActiveCfg = Debug|Win32
		{7EE18B5A-2556-4786-9787-A2255B9CFA8A}.Debug|x86.Build.0 = Debug|Win32
		{7EE18B5A-2556-4786-9787-A2255B9CFA8A}.Release|x86.ActiveCfg = Release|Win32
		{7EE18B5A-2556-4786-9787-A2255B9CFA8A}.Release|x86.Build.0 = Release|Win32
		{7EE18B5A-2556-4786-9787-A2255B9CFA8A}.Template|x86.ActiveCfg = Template|Win32
		{7EE18B5A-2556-4786-9787-A2255B9CFA8A}.Template|x86.Build.0 = Template|Win32
		{B0D731B6-B058-4811-B0BC-52AC43560377}.Debug|x86.ActiveCfg = Debug|Win32
		{B0D731B6-B058-4811-B0BC-52AC43560377}.Debug|x86.Build.0 = Debug|Win32
		{B0D731B6-B058-4811-B0BC-52AC43560377}.Release|x86.ActiveCfg = Release|Win32
		{B0D731B6-B058-4811-B0BC-52AC43560377}.Release|x86.Build.0 = Release|Win32
		{B0D731B6-B058-4811-B0BC-52AC43560377}.Template|x86.ActiveCfg = Template|Win32
		{B0D731B6-B058-4811-B0BC-52AC43560377}.Template|x86.Build.0 = Template|Win32
		{5C49A7F4-04D8-4216-8BA0-001807008E06}.Debug|x86.ActiveCfg = Debug|Win32
		{5C49A7F4-04D8-4216-8BA0-001807008E06}.Debug|x86.Build.0 = Debug|Win32
		{5C49A7F4-04D8-4216-8BA0-001807008E06}.Release|x86.ActiveCfg = Release|Win32
		{5C49A7F4-04D8-4216-8BA0-001807008E06}.Release|x86.Build.0 = Release|Win32
		{5C49A7F4-04D8-4216-8BA0-001807008E06}.Template|x86.ActiveCfg = Template|Win32
		{5C49A7F4-04D8-4216-8BA0-001807008E06}.Template|x86.Build.0 = Template|Win32
		{52C11DE8-EA95-42B2-8BD8-4601BEA29514}.Debug|x86.ActiveCfg = Debug|Win32
		{52C11DE8-EA95-42B2-8BD8-4601BEA29514}.Debug|x86.Build.0 = Debug|Win32
		{52C11DE8-EA95-42B2-8BD8-4601BEA29514}.Release|x86.ActiveCfg = Release|Win32
		{52C11DE8-EA95-42B2-8BD8-4601BEA29514}.Release|x86.Build.0 = Release|Win32
		{52C11DE8-EA95-42B2-8BD8-4601BEA29514}.Template|x86.ActiveCfg = Template|Win32
		{52C11DE8-EA95-42B2-8BD8-4601BEA29514}.Template|x86.Build.0 = Template|Win32
		{256609AD-3EF4-46CB-94B4-3933EA99A1F7}.Debug|x86.ActiveCfg = Debug|Win32
		{256609AD-3EF4-46CB-94B4-3933EA99A1F7}.Debug|x86.Build.0 = Debug|Win32
		{256609AD-3EF4-46CB-94B4-3933EA99A1F7}.Release|x86.ActiveCfg = Release|Win32
		{256609AD-3EF4-46CB-94B4-3933EA99A1F7}.Release|x86.Build.0 = Release|Win32
		{256609AD-3EF4-46CB-94B4-3933EA99A1F7}.Template|x86.ActiveCfg = Template|Win32
		{256609AD-3EF4-46CB-94B4-3933EA99A1F7}.Template|x86.Build.0 = Template|Win32
		{E91E3D86-97EB-49C4-B7D9-3B2B8134606D}.Debug|x86.ActiveCfg = Debug|Win32
		{E91E3D86-97EB-49C4-B7D9-3B2B8134606D}.Debug|x86.Build.0 = Debug|Win32
		{E91E3D86-97EB-49C4-B7D9-3B2B8134606D}.Release|x86.ActiveCfg = Release|Win32
		{E91E3D86-97EB-49C4-B7D9-3B2B8134606D}.Release|x86.Build.0 = Release|Win32
		{E91E3D86-97EB-49C4-B7D9-3B2B8134606D}.Template|x86.ActiveCfg = Template|Win32
		{E91E3D86-97EB-49C4-B7D9-3B2B8134606D}.Template|x86.Build.0 = Template|Win32
		{C4753375-491F-46F5-98C5-CC68DE2844D8}.Debug|x86.ActiveCfg = Debug|Win32
		{C4753375-491F-46F5-98C5-CC68DE2844D8}.Debug|x86.Build.0 = Debug|Win32
		{C4753375-491F-46F5-98C5-CC68DE2844D8}.Release|x86.ActiveCfg = Release|Win32
		{C4753375-491F-46F5-98C5-CC68DE2844D8}.Release|x86.Build.0 = Release|Win32
		{C4753375-491F-46F5-98C5-CC68DE2844D8}.Template|x86.ActiveCfg = Template|Win32
		{C4753375-491F-46F5-98C5-CC68DE2844D8}.Template|x86.Build.0 = Template|Win32
		{2F26A6D9-3B77-473D-A804-CAF8FC1A8850}.Debug|x86.ActiveCfg = Debug|Win32
		{2F26A6D9-3B77-473D-A804-CAF8FC1A8850}.Debug|x86.Build.0 = Debug|Win32
		{2F26A6D9-3B77-473D-A804-CAF8FC1A8850}.Release|x86.ActiveCfg = Release|Win32
		{2F26A6D9-3B77-473D-A804-CAF8FC1A8850}.Release|x86.Build.0 = Release|Win32
		{2F26A6D9-3B77-473D-A804-CAF8FC1A8850}.Template|x86.ActiveCfg = Template|Win32
		{2F26A6D9-3B77-473D-A804-CAF8FC1A8850}.Template|x86.Build.0 = Template|Win32
		{0430D950-2A5B-4825-B566-B1330B63E713}.Debug|x86.ActiveCfg = Debug|Win32
		{0430D950-2A5B-4825-B566-B1330B63E713}.Debug|x86.Build.0 = Debug|Win32
		{0430D950-2A5B-4825-B566-B1330B63E713}.Release|x86.ActiveCfg = Release|Win32
		{0430D950-2A5B-4825-B566-B1330B63E713}.Release|x86.Build.0 = Release|Win32
		{0430D950-2A5B-4825-B566-B1330B63E713}.Template|x86.ActiveCfg = Template|Win32
		{0430D950-2A5B-4825-B566-B1330B63E713}.Template|x86.Build.0 = Template|Win32
		{F9972244-F0DC-4C43-8FAC-4045A712993A}.Debug|x86.ActiveCfg = Debug|Win32
		{F9972244-F0DC-4C43-8FAC-4045A712993A}.Debug|x86.Build.0 = Debug|Win32
		{F9972244-F0DC-4C43-8FAC-4045A712993A}.Release|x86.ActiveCfg = Release|Win32
		{F9972244-F0DC-4C43-8FAC-4045A712993A}.Release|x86.Build.0 = Release|Win32
		{F9972244-F0DC-4C43-8FAC-4045A712993A}.Template|x86.ActiveCfg = Template|Win32
		{F9972244-F0DC-4C43-8FAC-4045A712993A}.Template|x86.Build.0 = Template|Win32
		{2461EE0F-61A7-452B-A4C4-D3D35855D00A}.Debug|x86.ActiveCfg = Debug|Win32
		{2461EE0F-61A7-452B-A4C4-D3D35855D00A}.Debug|x86.Build.0 = Debug|Win32
		{2461EE0F-61A7-452B-A4C4-D3D35855D00A}.Release|x86.ActiveCfg = Release|Win32
		{2461EE0F-61A7-452B-A4C4-D3D35855D00A}.Release|x86.Build.0 = Release|Win32
		{2461EE0F-61A7-452B-A4C4-D3D35855D00A}.Template|x86.ActiveCfg = Template|Win32
		{2461EE0F-61A7-452B-A4C4-D3D35855D00A}.Template|x86.Build.0 = Template|Win32
		{46288C70-7C15-4333-A86C-26DF0C1BB85D}.Debug|x86.ActiveCfg = Debug|Win32
		{46288C70-7C15-4333-A86C-26DF0C1BB85D}.Debug|x86.Build.0 = Debug|Win32
		{46288C70-7C15-4333-A86C-26DF0C1BB85D}.Release|x86.ActiveCfg = Release|Win32
		{46288C70-7C15-4333-A86C-26DF0C1BB85D}.Release|x86.Build.0 = Release|Win32
		{46288C70-7C15-4333-A86C-26DF0C1BB85D}.Template|x86.ActiveCfg = Template|Win32
		{46288C70-7C15-4333-A86C-26DF0C1BB85D}.Template|x86.Build.0 = Template|Win32
		{C01F1113-B7ED-46AD-92B8-04B05550E951}.Debug|x86.ActiveCfg = Debug|Win32
		{C01F1113-B7ED-46AD-92B8-04B05550E951}.Debug|x86.Build.0 = Debug|Win32
		{C01F1113-B7ED-46AD-92B8-04B05550E951}.Release|x86.ActiveCfg = Release|Win32
		{C01F1113-B7ED-46AD-92B8-04B05550E951}.Release|x86.Build.0 = Release|Win32
		{C01F1113-B7ED-46AD-92B8-04B05550E951}.Template|x86.ActiveCfg = Template|Win32
		{C01F1113-B7ED-46AD-92B8-04B05550E951}.Template|x86.Build.0 = Template|Win32
		{99B5126F-A376-4F58-926F-3253A6B1DD66}.Debug|x86.ActiveCfg = Debug|Win32
		{99B5126F-A376-4F58-926F-3253A6B1DD66}.Debug|x86.Build.0 = Debug|Win32
		{99B5126F-A376-4F58-926F-3253A6B1DD66}.Release|x86.ActiveCfg = Release|Win32
		{99B5126F-A376-4F58-926F-3253A6B1DD66}.Release|x86.Build.0 = Release|Win32
		{99B5126F-A376-4F58-926F-3253A6B1DD66}.Template|x86.ActiveCfg = Template|Win32
		{99B5126F-A376-4F58-926F-3253A6B1DD66}.Template|x86.Build.0 = Template|Win32
		{03C698C7-22D2-42C2-B27A-D3806CC80D07}.Debug|x86.ActiveCfg = Debug|Win32
		{03C698C7-22D2-42C2-B27A-D3806CC80D07}.Debug|x86.Build.0 = Debug|Win32
		{03C698C7-22D2-42C2-B27A-D3806CC80D07}.Release|x86.ActiveCfg = Release|Win32
		{03C698C7-22D2-42C2-B27A-D3806CC80D07}.Release|x86.Build.0 = Release|Win32
		{03C698C7-22D2-42C2-B27A-D3806CC80D07}.Template|x86.ActiveCfg = Template|Win32
		{03C698C7-22D2-42C2-B27A-D3806CC80D07}.Template|x86.Build.0 = Template|Win32
		{8F7183AA-C821-4F82-8EE1-1B1251DBBE1C}.Debug|x86.ActiveCfg = Debug|Win32
		{8F7183AA-C821-4F82-8EE1-1B1251DBBE1C}.Debug|x86.Build.0 = Debug|Win32
		{8F7183AA-C821-4F82-8EE1-1B1251DBBE1C}.Release|x86.ActiveCfg = Release|Win32
		{8F7183AA-C821-4F82-8EE1-1B1251DBBE1C}.Release|x86.Build.0 = Release|Win32
		{8F7183AA-C821-4F82-8EE1-1B1251DBBE1C}.Template|x86.ActiveCfg = Template|Win32
		{8F7183AA-C821-4F82-8EE1-1B1251DBBE1C}.Template|x86.Build.0 = Template|Win32
		{857D9696-09C6-4541-85D2-3B6BCFF46230}.Debug|x86.ActiveCfg = Debug|Win32
		{857D9696-09C6-4541-85D2-3B6BCFF46230}.Debug|x86.Build.0 = Debug|Win32
		{857D9696-09C6-4541-85D2-3B6BCFF46230}.Release|x86.ActiveCfg = Release|Win32
		{857D9696-09C6-4541-85D2-3B6BCFF46230}.Release|x86.Build.0 = Release|Win32
		{857D9696-09C6-4541-85D2-3B6BCFF46230}.Template|x86.ActiveCfg = Template|Win32
		{857D9696-09C6-4541-85D2-3B6BCFF46230}.Template|x86.Build.0 = Template|Win32
		{A0DAA382-1E28-41FF-9044-1319F9CA9001}.Debug|x86.ActiveCfg = Debug|Win32
		{A0DAA382-1E28-41FF-9044-1319F9CA9001}.Debug|x86.Build.0 = Debug|Win32
		{A0DAA382-1E28-41FF-9044-1319F9CA9001}.Release|x86.ActiveCfg = Release|Win32
		{A0DAA382-1E28-41FF-9044-1319F9CA9001}.Release|x86.Build.0 = Release|Win32
		{A0DAA382-1E28-41FF-9044-1319F9CA9001}.Template|x86.ActiveCfg = Template|Win32
		{A0DAA382-1E28-41FF-9044-1319F9CA9001}.Template|x86.Build.0 = Template|Win32
		{E7735434-C2F5-486E-B074-72FC1080232A}.Debug|x86.ActiveCfg = Debug|Win32
		{E7735434-C2F5-486E-B074-72FC1080232A}.Debug|x86.Build.0 = Debug|Win32
		{E7735434-C2F5-486E-B074-72FC1080232A}.Release|x86.ActiveCfg = Release|Win32
		{E7735434-C2F5-486E-B074-72FC1080232A}.Release|x86.Build.0 = Release|Win32
		{E7735434-C2F5-486E-B074-72FC1080232A}.Template|x86.ActiveCfg = Template|Win32
		{E7735434-C2F5-486E-B074-72FC1080232A}.Template|x86.Build.0 = Template|Win32
		{86762543-A249-4565-B37E-901C3C21445A}.Debug|x86.ActiveCfg = Debug|Win32
		{86762543-A249-4565-B37E-901C3C21445A}.Debug|x86.Build.0 = Debug|Win32
		{86762543-A249-4565-B37E-901C3C21445A}.Release|x86.ActiveCfg = Release|Win32
		{86762543-A249-4565-B37E-901C3C21445A}.Release|x86.Build.0 = Release|Win32
		{86762543-A249-4565-B37E-901C3C21445A}.Template|x86.ActiveCfg = Template|Win32
		{86762543-A249-4565-B37E-901C3C21445A}.Template|x86.Build.0 = Template|Win32
		{163BE479-F650-4F6C-A661-B52F258E0427}.Debug|x86.ActiveCfg = Debug|Win32
		{163BE479-F650-4F6C-A661-B52F258E0427}.Debug|x86.Build.0 = Debug|Win32
		{163BE479-F650-4F6C-A661-B52F258E0427}.Release|x86.ActiveCfg = Release|Win32
		{163BE479-F650-4F6C-A661-B52F258E0427}.Release|x86.Build.0 = Release|Win32
		{163BE479-F650-4F6C-A661-B52F258E0427}.Template|x86.ActiveCfg = Template|Win32
		{163BE479-F650-4F6C-A661-B52F258E0427}.Template|x86.Build.0 = Template|Win32
		{9CAA7256-F765-4484-9500-36E1633707E0}.Debug|x86.ActiveCfg = Debug|Win32
		{9CAA7256-F765-4484-9500-36E1633707E0}.Debug|x86.Build.0 = Debug|Win32
		{9CAA7256-F765-4484-9500-36E1633707E0}.Release|x86.ActiveCfg = Release|Win32
		{9CAA7256-F765-4484-9500-36E1633707E0}.Release|x86.Build.0 = Release|Win32
		{9CAA7256-F765-4484-9500-36E1633707E0}.Template|x86.ActiveCfg = Template|Win32
		{9CAA7256-F765-4484-9500-36E1633707E0}.Template|x86.Build.0 = Template|Win32
		{9BB5A850-C6BD-4946-B983-D979FD70EBAB}.Debug|x86.ActiveCfg = Debug|Win32
		{9BB5A850-C6BD-4946-B983-D979FD70EBAB}.Debug|x86.Build.0 = Debug|Win32
		{9BB5A850-C6BD-4946-B983-D979FD70EBAB}.Release|x86.ActiveCfg = Release|Win32
		{9BB5A850-C6BD-4946-B983-D979FD70EBAB}.Release|x86.Build.0 = Release|Win32
		{9BB5A850-C6BD-4946-B983-D979FD70EBAB}.Template|x86.ActiveCfg = Template|Win32
		{9BB5A850-C6BD-4946-B983-D979FD70EBAB}.Template|x86.Build.0 = Template|Win32
		{4D42C0E4-253A-4712-A8B5-E848D8793228}.Debug|x86.ActiveCfg = Debug|Win32
		{4D42C0E4-253A-4712-A8B5-E848D8793228}.Debug|x86.Build.0 = Debug|Win32
		{4D42C0E4-253A-4712-A8B5-E848D8793228}.Release|x86.ActiveCfg = Release|Win32
		{4D42C0E4-253A-4712-A8B5-E848D8793228}.Release|x86.Build.0 = Release|Win32
		{4D42C0E4-253A-4712-A8B5-E848D8793228}.Template|x86.ActiveCfg = Template|Win32
		{4D42C0E4-253A-4712-A8B5-E848D8793228}.Template|x86.Build.0 = Template|Win32
		{D6307098-295F-42EB-A310-1EBB2C62DE6B}.Debug|x86.ActiveCfg = Debug|Win32
		{D6307098-295F-42EB-A310-1EBB2C62DE6B}.Debug|x86.Build.0 = Debug|Win32
		{D6307098-295F-42EB-A310-1EBB2C62DE6B}.Release|x86.ActiveCfg = Release|Win32
		{D6307098-295F-42EB-A310-1EBB2C62DE6B}.Release|x86.Build.0 = Release|Win32
		{D6307098-295F-42EB-A310-1EBB2C62DE6B}.Template|x86.ActiveCfg = Template|Win32
		{D6307098-295F-42EB-A310-1EBB2C62DE6B}.Template|x86.Build.0 = Template|Win32
		{B7666432-BA05-4878-A4E4-C2A0C0302CDF}.Debug|x86.ActiveCfg = Debug|Win32
		{B7666432-BA05-4878-A4E4-C2A0C0302CDF}.Debug|x86.Build.0 = Debug|Win32
		{B7666432-BA05-4878-A4E4-C2A0C0302CDF}.Release|x86.ActiveCfg = Release|Win32
		{B7666432-BA05-4878-A4E4-C2A0C0302CDF}.Release|x86.Build.0 = Release|Win32
		{B7666432-BA05-4878-A4E4-C2A0C0302CDF}.Template|x86.ActiveCfg = Template|Win32
		{B7666432-BA05-4878-A4E4-C2A0C0302CDF}.Template|x86.Build.0 = Template|Win32
		{15E52021-714B-4ABC-90C4-A15083E5BAB9}.Debug|x86.ActiveCfg = Debug|Win32
		{15E52021-714B-4ABC-90C4-A15083E5BAB9}.Debug|x86.Build.0 = Debug|Win32
		{15E52021-714B-4ABC-90C4-A15083E5BAB9}.Release|x86.ActiveCfg = Release|Win32
		{15E52021-714B-4ABC-90C4-A15083E5BAB9}.Release|x86.Build.0 = Release|Win32
		{15E52021-714B-4ABC-90C4-A15083E5BAB9}.Template|x86.ActiveCfg = Template|Win32
		{15E52021-714B-4ABC-90C4-A15083E5BAB9}.Template|x86.Build.0 = Template|Win32
		{CAB297D5-6638-4A8E-A1CA-B45F30CECE75}.Debug|x86.ActiveCfg = Debug|Win32
		{CAB297D5-6638-4A8E-A1CA-B45F30CECE75}.Debug|x86.Build.0 = Debug|Win32
		{CAB297D5-6638-4A8E-A1CA-B45F30CECE75}.Release|x86.ActiveCfg = Release|Win32
		{CAB297D5-6638-4A8E-A1CA-B45F30CECE75}.Release|x86.Build.0 = Release|Win32
		{CAB297D5-6638-4A8E-A1CA-B45F30CECE75}.Template|x86.ActiveCfg = Template|Win32
		{CAB297D5-6638-4A8E-A1CA-B45F30CECE75}.Template|x86.Build.0 = Template|Win32
		{83C553C0-A845-45F3-8EB9-85CA5599356F}.Debug|x86.ActiveCfg = Debug|Win32
		{83C553C0-A845-45F3-8EB9-85CA5599356F}.Debug|x86.Build.0 = Debug|Win32
		{83C553C0-A845-45F3-8EB9-85CA5599356F}.Release|x86.ActiveCfg = Release|Win32
		{83C553C0-A845-45F3-8EB9-85CA5599356F}.Release|x86.Build.0 = Release|Win32
		{83C553C0-A845-45F3-8EB9-85CA5599356F}.Template|x86.ActiveCfg = Template|Win32
		{83C553C0-A845-45F3-8EB9-85CA5599356F}.Template|x86.Build.0 = Template|Win32
		{CD908673-B633-42BA-BDC7-BC4F0DA1B83E}.Debug|x86.ActiveCfg = Debug|Win32
		{CD908673-B633-42BA-BDC7-BC4F0DA1B83E}.Debug|x86.Build.0 = Debug|Win32
		{CD908673-B633-42BA-BDC7-BC4F0DA1B83E}.Release|x86.ActiveCfg = Release|Win32
		{CD908673-B633-42BA-BDC7-BC4F0DA1B83E}.Release|x86.Build.0 = Release|Win32
		{CD908673-B633-42BA-BDC7-BC4F0DA1B83E}.Template|x86.ActiveCfg = Template|Win32
		{CD908673-B633-42BA-BDC7-BC4F0DA1B83E}.Template|x86.Build.0 = Template|Win32
		{7E183E19-205C-44C5-8B60-3BDB448ECB1E}.Debug|x86.ActiveCfg = Debug|Win32
		{7E183E19-205C-44C5-8B60-3BDB448ECB1E}.Debug|x86.Build.0 = Debug|Win32
		{7E183E19-205C-44C5-8B60-3BDB448ECB1E}.Release|x86.ActiveCfg = Release|Win32
		{7E183E19-205C-44C5-8B60-3BDB448ECB1E}.Release|x86.Build.0 = Release|Win32
		{7E183E19-205C-44C5-8B60-3BDB448ECB1E}.Template|x86.ActiveCfg = Template|Win32
		{7E183E19-205C-44C5-8B60-3BDB448ECB1E}.Template|x86.Build.0 = Template|Win32
		{C8BD27FB-4C77-433D-AC57-2D4B0F701F20}.Debug|x86.ActiveCfg = Debug|Win32
		{C8BD27FB-4C77-433D-AC57-2D4B0F701F20}.Debug|x86.Build.0 = Debug|Win32
		{C8BD27FB-4C77-433D-AC57-2D4B0F701F20}.Release|x86.ActiveCfg = Release|Win32
		{C8BD27FB-4C77-433D-AC57-2D4B0F701F20}.Release|x86.Build.0 = Release|Win32
		{C8BD27FB-4C77-433D-AC57-2D4B0F701F20}.Template|x86.ActiveCfg = Template|Win32
		{C8BD27FB-4C77-433D-AC57-2D4B0F701F20}.Template|x86.Build.0 = Template|Win32
		{41B8EF14-D079-4E6D-8A6F-4F78BA05F437}.Debug|x86.ActiveCfg = Debug|Win32
		{41B8EF14-D079-4E6D-8A6F-4F78BA05F437}.Debug|x86.Build.0 = Debug|Win32
		{41B8EF14-D079-4E6D-8A6F-4F78BA05F437}.Release|x86.ActiveCfg = Release|Win32
		{41B8EF14-D079-4E6D-8A6F-4F78BA05F437}.Release|x86.Build.0 = Release|Win32
		{41B8EF14-D079-4E6D-8A6F-4F78BA05F437}.Template|x86.ActiveCfg = Template|Win32
		{41B8EF14-D079-4E6D-8A6F-4F78BA05F437}.Template|x86.Build.0 = Template|Win32
		{2982C860-DE4A-4B90-827B-2AD0C2F559BF}.Debug|x86.ActiveCfg = Debug|Win32
		{2982C860-DE4A-4B90-827B-2AD0C2F559BF}.Debug|x86.Build.0 = Debug|Win32
		{2982C860-DE4A-4B90-827B-2AD0C2F559BF}.Release|x86.ActiveCfg = Release|Win32
		{2982C860-DE4A-4B90-827B-2AD0C2F559BF}.Release|x86.Build.0 = Release|Win32
		{2982C860-DE4A-4B90-827B-2AD0C2F559BF}.Template|x86.ActiveCfg = Template|Win32
		{2982C860-DE4A-4B90-827B-2AD0C2F559BF}.Template|x86.Build.0 = Template|Win32
		{C6F4BBF3-A3D6-4F13-AEEA-AB9860959DA4}.Debug|x86.ActiveCfg = Debug|Win32
		{C6F4BBF3-A3D6-4F13-AEEA-AB9860959DA4}.Debug|x86.Build.0 = Debug|Win32
		{C6F4BBF3-A3D6-4F13-AEEA-AB9860959DA4}.Release|x86.ActiveCfg = Release|Win32
		{C6F4BBF3-A3D6-4F13-AEEA-AB9860959DA4}.Release|x86.Build.0 = Release|Win32
		{C6F4BBF3-A3D6-4F13-AEEA-AB9860959DA4}.Template|x86.ActiveCfg = Template|Win32
		{C6F4BBF3-A3D6-4F13-AEEA-AB9860959DA4}.Template|x86.Build.0 = Template|Win32
		{F58EF1BA-E469-4ED6-B9B7-2BE1E819A153}.Debug|x86.ActiveCfg = Debug|Win32
		{F58EF1BA-E469-4ED6-B9B7-2BE1E819A153}.Debug|x86.Build.0 = Debug|Win32
		{F58EF1BA-E469-4ED6-B9B7-2BE1E819A153}.Release|x86.ActiveCfg = Release|Win32
		{F58EF1BA-E469-4ED6-B9B7-2BE1E819A153}.Release|x86.Build.0 = Release|Win32
		{F58EF1BA-E469-4ED6-B9B7-2BE1E819A153}.Template|x86.ActiveCfg = Template|Win32
		{F58EF1BA-E469-4ED6-B9B7-2BE1E819A153}.Template|x86.Build.0 = Template|Win32
		{0C13E475-D4EC-40D0-BCA8-36D2DD3A7BF5}.Debug|x86.ActiveCfg = Debug|Win32
		{0C13E475-D4EC-40D0-BCA8-36D2DD3A7BF5}.Debug|x86.Build.0 = Debug|Win32
		{0C13E475-D4EC-40D0-BCA8-36D2DD3A7BF5}.Release|x86.ActiveCfg = Release|Win32
		{0C13E475-D4EC-40D0-BCA8-36D2DD3A7BF5}.Release|x86.Build.0 = Release|Win32
		{0C13E475-D4EC-40D0-BCA8-36D2DD3A7BF5}.Template|x86.ActiveCfg = Template|Win32
		{0C13E475-D4EC-40D0-BCA8-36D2DD3A7BF5}.Template|x86.Build.0 = Template|Win32
		{BC6F8C65-E7E2-4C8E-B4C6-EF6211EF1CCD}.Debug|x86.ActiveCfg = Debug|Win32
		{BC6F8C65-E7E2-4C8E-B4C6-EF6211EF1CCD}.Debug|x86.Build.0 = Debug|Win32
		{BC6F8C65-E7E2-4C8E-B4C6-EF6211EF1CCD}.Release|x86.ActiveCfg = Release|Win32
		{BC6F8C65-E7E2-4C8E-B4C6-EF6211EF1CCD}.Release|x86.Build.0 = Release|Win32
		{BC6F8C65-E7E2-4C8E-B4C6-EF6211EF1CCD}.Template|x86.ActiveCfg = Template|Win32
		{BC6F8C65-E7E2-4C8E-B4C6-EF6211EF1CCD}.Template|x86.Build.0 = Template|Win32
		{600C0905-8D86-43C5-8DD5-385E9B13616D}.Debug|x86.ActiveCfg = Debug|Win32
		{600C0905-8D86-43C5-8DD5-385E9B13616D}.Debug|x86.Build.0 = Debug|Win32
		{600C0905-8D86-43C5-8DD5-385E9B13616D}.Release|x86.ActiveCfg = Release|Win32
		{600C0905-8D86-43C5-8DD5-385E9B13616D}.Release|x86.Build.0 = Release|Win32
		{600C0905-8D86-43C5-8DD5-385E9B13616D}.Template|x86.ActiveCfg = Template|Win32
		{600C0905-8D86-43C5-8DD5-385E9B13616D}.Template|x86.Build.0 = Template|Win32
		{0260BD19-1520-4187-8DA3-F7B0F2D0712F}.Debug|x86.ActiveCfg = Debug|Win32
		{0260BD19-1520-4187-8DA3-F7B0F2D0712F}.Debug|x86.Build.0 = Debug|Win32
		{0260BD19-1520-4187-8DA3-F7B0F2D0712F}.Release|x86.ActiveCfg = Release|Win32
		{0260BD19-1520-4187-8DA3-F7B0F2D0712F}.Release|x86.Build.0 = Release|Win32
		{0260BD19-1520-4187-8DA3-F7B0F2D0712F}.Template|x86.ActiveCfg = Template|Win32
		{0260BD19-1520-4187-8DA3-F7B0F2D0712F}.Template|x86.Build.0 = Template|Win32
	EndGlobalSection
	GlobalSection(SolutionProperties) = preSolution
		HideSolutionNode = FALSE
	EndGlobalSection
	GlobalSection(ExtensibilityGlobals) = postSolution
		SolutionGuid = {E918C9D8-6174-4B26-A856-DF388BEE0515}
	EndGlobalSection
EndGlobal
